
Microsoft Visual Studio Solution File, Format Version 12.00
# Visual Studio 15
VisualStudioVersion = 15.0.27703.2035
MinimumVisualStudioVersion = 10.0.40219.1
Project("{FAE04EC0-301F-11D3-BF4B-00C04F79EFBC}") = "RectangleArea", "RectangleArea\RectangleArea.csproj", "{3ACC1D11-9691-4E05-9D6B-E1F03814AD8A}"
EndProject
Global
	GlobalSection(SolutionConfigurationPlatforms) = preSolution
		Debug|Any CPU = Debug|Any CPU
		Release|Any CPU = Release|Any CPU
	EndGlobalSection
	GlobalSection(ProjectConfigurationPlatforms) = postSolution
		{3ACC1D11-9691-4E05-9D6B-E1F03814AD8A}.Debug|Any CPU.ActiveCfg = Debug|Any CPU
		{3ACC1D11-9691-4E05-9D6B-E1F03814AD8A}.Debug|Any CPU.Build.0 = Debug|Any CPU
		{3ACC1D11-9691-4E05-9D6B-E1F03814AD8A}.Release|Any CPU.ActiveCfg = Release|Any CPU
		{3ACC1D11-9691-4E05-9D6B-E1F03814AD8A}.Release|Any CPU.Build.0 = Release|Any CPU
	EndGlobalSection
	GlobalSection(SolutionProperties) = preSolution
		HideSolutionNode = FALSE
	EndGlobalSection
	GlobalSection(ExtensibilityGlobals) = postSolution
		SolutionGuid = {B0CD57F3-D4A0-412B-A2B6-D9F4A99CB9A0}
	EndGlobalSection
EndGlobal
